
Microsoft Visual Studio Solution File, Format Version 12.00
# Visual Studio Version 17
VisualStudioVersion = 17.1.32228.430
MinimumVisualStudioVersion = 10.0.40219.1
Project("{2150E333-8FDC-42A3-9474-1A3956D46DE8}") = "src", "src", "{49848E7A-BDB7-42FA-868E-ACEBB07082E9}"
EndProject
Project("{2150E333-8FDC-42A3-9474-1A3956D46DE8}") = "Core", "Core", "{F06B66A6-523D-4F64-97B7-57816919919F}"
EndProject
Project("{2150E333-8FDC-42A3-9474-1A3956D46DE8}") = "src", "src", "{F5E6AD75-901C-494E-9F08-28EA0DBEEB30}"
EndProject
Project("{2150E333-8FDC-42A3-9474-1A3956D46DE8}") = "test", "test", "{C98F29A3-2911-42E9-A4D7-209313C13FFA}"
EndProject
Project("{2150E333-8FDC-42A3-9474-1A3956D46DE8}") = "Localization", "Localization", "{EC4DE1B8-623B-4065-9C96-3D57B64D65F1}"
EndProject
Project("{2150E333-8FDC-42A3-9474-1A3956D46DE8}") = "src", "src", "{CCE45A42-9AB6-4CB7-8CA3-410130776CA2}"
EndProject
Project("{2150E333-8FDC-42A3-9474-1A3956D46DE8}") = "test", "test", "{E49E2F36-E9DB-4A70-8D5B-57E8B09ED03D}"
EndProject
Project("{2150E333-8FDC-42A3-9474-1A3956D46DE8}") = "Logging", "Logging", "{AC10D4CE-E548-470A-8257-FADFA73B4DBD}"
EndProject
Project("{2150E333-8FDC-42A3-9474-1A3956D46DE8}") = "src", "src", "{920A5373-ED64-4051-B6B2-34805B1A54F7}"
EndProject
Project("{2150E333-8FDC-42A3-9474-1A3956D46DE8}") = "test", "test", "{0B3C93C3-8DE8-4043-9652-D7D3B5A32798}"
EndProject
Project("{2150E333-8FDC-42A3-9474-1A3956D46DE8}") = "Persistence", "Persistence", "{E4EAD3D9-7222-46C2-A147-9C1FF60F48B7}"
EndProject
Project("{2150E333-8FDC-42A3-9474-1A3956D46DE8}") = "src", "src", "{541603DC-17B0-4F24-906B-F402430A6B1A}"
EndProject
Project("{2150E333-8FDC-42A3-9474-1A3956D46DE8}") = "test", "test", "{F9120B4F-37C5-4069-92A3-55CB786EDCF4}"
EndProject
Project("{2150E333-8FDC-42A3-9474-1A3956D46DE8}") = "Search", "Search", "{DB723509-18F5-4442-853A-230837E27261}"
EndProject
Project("{2150E333-8FDC-42A3-9474-1A3956D46DE8}") = "src", "src", "{12E98D3A-E3C5-4105-9C02-FF733BA15E8A}"
EndProject
Project("{2150E333-8FDC-42A3-9474-1A3956D46DE8}") = "test", "test", "{48A6D159-29C0-457E-B125-45F10245C733}"
EndProject
Project("{2150E333-8FDC-42A3-9474-1A3956D46DE8}") = "Serialization", "Serialization", "{01FC94E5-2061-4E70-AA80-88C86CBACC3A}"
EndProject
Project("{2150E333-8FDC-42A3-9474-1A3956D46DE8}") = "test", "test", "{03290DD4-EB87-43D5-AA13-4442AF1F8178}"
EndProject
Project("{2150E333-8FDC-42A3-9474-1A3956D46DE8}") = "src", "src", "{9AF9381B-5D8B-4A37-9156-78558E46C601}"
EndProject
Project("{2150E333-8FDC-42A3-9474-1A3956D46DE8}") = "CommandQuery", "CommandQuery", "{1B6E5D66-490C-4A13-965C-65E2D6814432}"
EndProject
Project("{2150E333-8FDC-42A3-9474-1A3956D46DE8}") = "test", "test", "{A365BB2D-47D4-4A81-81A3-8A58B320C957}"
EndProject
Project("{2150E333-8FDC-42A3-9474-1A3956D46DE8}") = "src", "src", "{21423F5C-6BF2-47F9-94D8-2CAB3D5881C2}"
EndProject
Project("{2150E333-8FDC-42A3-9474-1A3956D46DE8}") = "apps", "apps", "{5D3898D2-175F-424D-9B6D-42BCAF3E1214}"
EndProject
Project("{2150E333-8FDC-42A3-9474-1A3956D46DE8}") = "Skeleton", "Skeleton", "{56EB84D8-E758-4C5B-8676-AB3AF2C05C0A}"
EndProject
Project("{2150E333-8FDC-42A3-9474-1A3956D46DE8}") = "src", "src", "{137C2B95-0AAE-47A3-9A5F-B0025ED49E5F}"
EndProject
Project("{2150E333-8FDC-42A3-9474-1A3956D46DE8}") = "test", "test", "{8E25E74C-2C67-4B0B-A144-4A25EB6F2C30}"
EndProject
Project("{9A19103F-16F7-4668-BE54-9A1E7A4F7556}") = "Nameless.CommandQuery.Abstractions", "src\CommandQuery\src\Nameless.CommandQuery.Abstractions\Nameless.CommandQuery.Abstractions.csproj", "{67A721D0-EC9B-4673-A7A6-888C86D79598}"
EndProject
Project("{9A19103F-16F7-4668-BE54-9A1E7A4F7556}") = "Nameless.Core", "src\Core\src\Nameless.Core\Nameless.Core.csproj", "{C59E1BAE-317D-4F41-872E-C692E70E60D0}"
EndProject
Project("{9A19103F-16F7-4668-BE54-9A1E7A4F7556}") = "Nameless.Localization.Abstractions", "src\Localization\src\Nameless.Localization.Abstractions\Nameless.Localization.Abstractions.csproj", "{3D9DD929-5D21-49F4-A9B7-484378B2B670}"
EndProject
Project("{9A19103F-16F7-4668-BE54-9A1E7A4F7556}") = "Nameless.Logging.Abstractions", "src\Logging\src\Nameless.Logging.Abstractions\Nameless.Logging.Abstractions.csproj", "{15327AF4-B99C-4F6A-B18B-9AC89A3311AE}"
EndProject
Project("{9A19103F-16F7-4668-BE54-9A1E7A4F7556}") = "Nameless.Persistence.Abstractions", "src\Persistence\src\Nameless.Persistence.Abstractions\Nameless.Persistence.Abstractions.csproj", "{1D2AA30F-3D0D-4C02-BC10-F0A91CE52A93}"
EndProject
Project("{9A19103F-16F7-4668-BE54-9A1E7A4F7556}") = "Nameless.Search.Abstractions", "src\Search\src\Nameless.Search.Abstractions\Nameless.Search.Abstractions.csproj", "{34329FD0-50DF-47C3-A8DD-21A948D5E37D}"
EndProject
Project("{9A19103F-16F7-4668-BE54-9A1E7A4F7556}") = "Nameless.Serialization.Abstractions", "src\Serialization\src\Nameless.Serialization.Abstractions\Nameless.Serialization.Abstractions.csproj", "{AFF6BEDF-34B9-4758-9A10-148317B3C243}"
EndProject
Project("{9A19103F-16F7-4668-BE54-9A1E7A4F7556}") = "Nameless.WebApplication.Web", "apps\Skeleton\src\Nameless.WebApplication.Web\Nameless.WebApplication.Web.csproj", "{2D12A26E-9EDB-4F0D-929F-69AD82F2C636}"
EndProject
Project("{2150E333-8FDC-42A3-9474-1A3956D46DE8}") = "Environment", "Environment", "{711CA520-00B5-42ED-A3DC-042F1AB81974}"
EndProject
Project("{2150E333-8FDC-42A3-9474-1A3956D46DE8}") = "src", "src", "{3B7A4504-3F1D-46D6-B52A-B2D3D13D3C35}"
EndProject
Project("{FAE04EC0-301F-11D3-BF4B-00C04F79EFBC}") = "Nameless.Environment.Abstractions", "src\Environment\src\Nameless.Environment.Abstractions\Nameless.Environment.Abstractions.csproj", "{5FD85778-86A3-450C-AE4B-6A910F3E2254}"
EndProject
Project("{2150E333-8FDC-42A3-9474-1A3956D46DE8}") = "FileStorage", "FileStorage", "{111C213F-46F4-4B99-BAA3-E7A4172C91C8}"
EndProject
Project("{2150E333-8FDC-42A3-9474-1A3956D46DE8}") = "src", "src", "{743CA7FD-9DD5-4F2F-BF3B-748CA84E398B}"
EndProject
Project("{FAE04EC0-301F-11D3-BF4B-00C04F79EFBC}") = "Nameless.FileStorage.Abstractions", "src\FileStorage\src\Nameless.FileStorage.Abstractions\Nameless.FileStorage.Abstractions.csproj", "{C1F903D2-2427-4060-9D1D-D2C761A3CDA9}"
EndProject
Global
	GlobalSection(SolutionConfigurationPlatforms) = preSolution
		Debug|Any CPU = Debug|Any CPU
		Release|Any CPU = Release|Any CPU
	EndGlobalSection
	GlobalSection(ProjectConfigurationPlatforms) = postSolution
		{67A721D0-EC9B-4673-A7A6-888C86D79598}.Debug|Any CPU.ActiveCfg = Debug|Any CPU
		{67A721D0-EC9B-4673-A7A6-888C86D79598}.Debug|Any CPU.Build.0 = Debug|Any CPU
		{67A721D0-EC9B-4673-A7A6-888C86D79598}.Release|Any CPU.ActiveCfg = Release|Any CPU
		{67A721D0-EC9B-4673-A7A6-888C86D79598}.Release|Any CPU.Build.0 = Release|Any CPU
		{C59E1BAE-317D-4F41-872E-C692E70E60D0}.Debug|Any CPU.ActiveCfg = Debug|Any CPU
		{C59E1BAE-317D-4F41-872E-C692E70E60D0}.Debug|Any CPU.Build.0 = Debug|Any CPU
		{C59E1BAE-317D-4F41-872E-C692E70E60D0}.Release|Any CPU.ActiveCfg = Release|Any CPU
		{C59E1BAE-317D-4F41-872E-C692E70E60D0}.Release|Any CPU.Build.0 = Release|Any CPU
		{3D9DD929-5D21-49F4-A9B7-484378B2B670}.Debug|Any CPU.ActiveCfg = Debug|Any CPU
		{3D9DD929-5D21-49F4-A9B7-484378B2B670}.Debug|Any CPU.Build.0 = Debug|Any CPU
		{3D9DD929-5D21-49F4-A9B7-484378B2B670}.Release|Any CPU.ActiveCfg = Release|Any CPU
		{3D9DD929-5D21-49F4-A9B7-484378B2B670}.Release|Any CPU.Build.0 = Release|Any CPU
		{15327AF4-B99C-4F6A-B18B-9AC89A3311AE}.Debug|Any CPU.ActiveCfg = Debug|Any CPU
		{15327AF4-B99C-4F6A-B18B-9AC89A3311AE}.Debug|Any CPU.Build.0 = Debug|Any CPU
		{15327AF4-B99C-4F6A-B18B-9AC89A3311AE}.Release|Any CPU.ActiveCfg = Release|Any CPU
		{15327AF4-B99C-4F6A-B18B-9AC89A3311AE}.Release|Any CPU.Build.0 = Release|Any CPU
		{1D2AA30F-3D0D-4C02-BC10-F0A91CE52A93}.Debug|Any CPU.ActiveCfg = Debug|Any CPU
		{1D2AA30F-3D0D-4C02-BC10-F0A91CE52A93}.Debug|Any CPU.Build.0 = Debug|Any CPU
		{1D2AA30F-3D0D-4C02-BC10-F0A91CE52A93}.Release|Any CPU.ActiveCfg = Release|Any CPU
		{1D2AA30F-3D0D-4C02-BC10-F0A91CE52A93}.Release|Any CPU.Build.0 = Release|Any CPU
		{34329FD0-50DF-47C3-A8DD-21A948D5E37D}.Debug|Any CPU.ActiveCfg = Debug|Any CPU
		{34329FD0-50DF-47C3-A8DD-21A948D5E37D}.Debug|Any CPU.Build.0 = Debug|Any CPU
		{34329FD0-50DF-47C3-A8DD-21A948D5E37D}.Release|Any CPU.ActiveCfg = Release|Any CPU
		{34329FD0-50DF-47C3-A8DD-21A948D5E37D}.Release|Any CPU.Build.0 = Release|Any CPU
		{AFF6BEDF-34B9-4758-9A10-148317B3C243}.Debug|Any CPU.ActiveCfg = Debug|Any CPU
		{AFF6BEDF-34B9-4758-9A10-148317B3C243}.Debug|Any CPU.Build.0 = Debug|Any CPU
		{AFF6BEDF-34B9-4758-9A10-148317B3C243}.Release|Any CPU.ActiveCfg = Release|Any CPU
		{AFF6BEDF-34B9-4758-9A10-148317B3C243}.Release|Any CPU.Build.0 = Release|Any CPU
		{2D12A26E-9EDB-4F0D-929F-69AD82F2C636}.Debug|Any CPU.ActiveCfg = Debug|Any CPU
		{2D12A26E-9EDB-4F0D-929F-69AD82F2C636}.Debug|Any CPU.Build.0 = Debug|Any CPU
		{2D12A26E-9EDB-4F0D-929F-69AD82F2C636}.Release|Any CPU.ActiveCfg = Release|Any CPU
		{2D12A26E-9EDB-4F0D-929F-69AD82F2C636}.Release|Any CPU.Build.0 = Release|Any CPU
		{5FD85778-86A3-450C-AE4B-6A910F3E2254}.Debug|Any CPU.ActiveCfg = Debug|Any CPU
		{5FD85778-86A3-450C-AE4B-6A910F3E2254}.Debug|Any CPU.Build.0 = Debug|Any CPU
		{5FD85778-86A3-450C-AE4B-6A910F3E2254}.Release|Any CPU.ActiveCfg = Release|Any CPU
		{5FD85778-86A3-450C-AE4B-6A910F3E2254}.Release|Any CPU.Build.0 = Release|Any CPU
		{C1F903D2-2427-4060-9D1D-D2C761A3CDA9}.Debug|Any CPU.ActiveCfg = Debug|Any CPU
		{C1F903D2-2427-4060-9D1D-D2C761A3CDA9}.Debug|Any CPU.Build.0 = Debug|Any CPU
		{C1F903D2-2427-4060-9D1D-D2C761A3CDA9}.Release|Any CPU.ActiveCfg = Release|Any CPU
		{C1F903D2-2427-4060-9D1D-D2C761A3CDA9}.Release|Any CPU.Build.0 = Release|Any CPU
	EndGlobalSection
	GlobalSection(SolutionProperties) = preSolution
		HideSolutionNode = FALSE
	EndGlobalSection
	GlobalSection(NestedProjects) = preSolution
		{F06B66A6-523D-4F64-97B7-57816919919F} = {49848E7A-BDB7-42FA-868E-ACEBB07082E9}
		{F5E6AD75-901C-494E-9F08-28EA0DBEEB30} = {F06B66A6-523D-4F64-97B7-57816919919F}
		{C98F29A3-2911-42E9-A4D7-209313C13FFA} = {F06B66A6-523D-4F64-97B7-57816919919F}
		{EC4DE1B8-623B-4065-9C96-3D57B64D65F1} = {49848E7A-BDB7-42FA-868E-ACEBB07082E9}
		{CCE45A42-9AB6-4CB7-8CA3-410130776CA2} = {EC4DE1B8-623B-4065-9C96-3D57B64D65F1}
		{E49E2F36-E9DB-4A70-8D5B-57E8B09ED03D} = {EC4DE1B8-623B-4065-9C96-3D57B64D65F1}
		{AC10D4CE-E548-470A-8257-FADFA73B4DBD} = {49848E7A-BDB7-42FA-868E-ACEBB07082E9}
		{920A5373-ED64-4051-B6B2-34805B1A54F7} = {AC10D4CE-E548-470A-8257-FADFA73B4DBD}
		{0B3C93C3-8DE8-4043-9652-D7D3B5A32798} = {AC10D4CE-E548-470A-8257-FADFA73B4DBD}
		{E4EAD3D9-7222-46C2-A147-9C1FF60F48B7} = {49848E7A-BDB7-42FA-868E-ACEBB07082E9}
		{541603DC-17B0-4F24-906B-F402430A6B1A} = {E4EAD3D9-7222-46C2-A147-9C1FF60F48B7}
		{F9120B4F-37C5-4069-92A3-55CB786EDCF4} = {E4EAD3D9-7222-46C2-A147-9C1FF60F48B7}
		{DB723509-18F5-4442-853A-230837E27261} = {49848E7A-BDB7-42FA-868E-ACEBB07082E9}
		{12E98D3A-E3C5-4105-9C02-FF733BA15E8A} = {DB723509-18F5-4442-853A-230837E27261}
		{48A6D159-29C0-457E-B125-45F10245C733} = {DB723509-18F5-4442-853A-230837E27261}
		{01FC94E5-2061-4E70-AA80-88C86CBACC3A} = {49848E7A-BDB7-42FA-868E-ACEBB07082E9}
		{03290DD4-EB87-43D5-AA13-4442AF1F8178} = {01FC94E5-2061-4E70-AA80-88C86CBACC3A}
		{9AF9381B-5D8B-4A37-9156-78558E46C601} = {01FC94E5-2061-4E70-AA80-88C86CBACC3A}
		{1B6E5D66-490C-4A13-965C-65E2D6814432} = {49848E7A-BDB7-42FA-868E-ACEBB07082E9}
		{A365BB2D-47D4-4A81-81A3-8A58B320C957} = {1B6E5D66-490C-4A13-965C-65E2D6814432}
		{21423F5C-6BF2-47F9-94D8-2CAB3D5881C2} = {1B6E5D66-490C-4A13-965C-65E2D6814432}
		{56EB84D8-E758-4C5B-8676-AB3AF2C05C0A} = {5D3898D2-175F-424D-9B6D-42BCAF3E1214}
		{137C2B95-0AAE-47A3-9A5F-B0025ED49E5F} = {56EB84D8-E758-4C5B-8676-AB3AF2C05C0A}
		{8E25E74C-2C67-4B0B-A144-4A25EB6F2C30} = {56EB84D8-E758-4C5B-8676-AB3AF2C05C0A}
		{67A721D0-EC9B-4673-A7A6-888C86D79598} = {21423F5C-6BF2-47F9-94D8-2CAB3D5881C2}
		{C59E1BAE-317D-4F41-872E-C692E70E60D0} = {F5E6AD75-901C-494E-9F08-28EA0DBEEB30}
		{3D9DD929-5D21-49F4-A9B7-484378B2B670} = {CCE45A42-9AB6-4CB7-8CA3-410130776CA2}
		{15327AF4-B99C-4F6A-B18B-9AC89A3311AE} = {920A5373-ED64-4051-B6B2-34805B1A54F7}
		{1D2AA30F-3D0D-4C02-BC10-F0A91CE52A93} = {541603DC-17B0-4F24-906B-F402430A6B1A}
		{34329FD0-50DF-47C3-A8DD-21A948D5E37D} = {12E98D3A-E3C5-4105-9C02-FF733BA15E8A}
		{AFF6BEDF-34B9-4758-9A10-148317B3C243} = {9AF9381B-5D8B-4A37-9156-78558E46C601}
		{2D12A26E-9EDB-4F0D-929F-69AD82F2C636} = {137C2B95-0AAE-47A3-9A5F-B0025ED49E5F}
		{711CA520-00B5-42ED-A3DC-042F1AB81974} = {49848E7A-BDB7-42FA-868E-ACEBB07082E9}
		{3B7A4504-3F1D-46D6-B52A-B2D3D13D3C35} = {711CA520-00B5-42ED-A3DC-042F1AB81974}
		{5FD85778-86A3-450C-AE4B-6A910F3E2254} = {3B7A4504-3F1D-46D6-B52A-B2D3D13D3C35}
		{111C213F-46F4-4B99-BAA3-E7A4172C91C8} = {49848E7A-BDB7-42FA-868E-ACEBB07082E9}
		{743CA7FD-9DD5-4F2F-BF3B-748CA84E398B} = {111C213F-46F4-4B99-BAA3-E7A4172C91C8}
		{C1F903D2-2427-4060-9D1D-D2C761A3CDA9} = {743CA7FD-9DD5-4F2F-BF3B-748CA84E398B}
	EndGlobalSection
	GlobalSection(ExtensibilityGlobals) = postSolution
		SolutionGuid = {C7EF8F9E-3071-4AF3-A6BF-0801B48EA1C9}
	EndGlobalSection
EndGlobal
