
Microsoft Visual Studio Solution File, Format Version 12.00
# Visual Studio Version 17
VisualStudioVersion = 17.1.32228.430
MinimumVisualStudioVersion = 10.0.40219.1
Project("{2150E333-8FDC-42A3-9474-1A3956D46DE8}") = "src", "src", "{49848E7A-BDB7-42FA-868E-ACEBB07082E9}"
EndProject
Project("{9A19103F-16F7-4668-BE54-9A1E7A4F7556}") = "Nameless.WebApplication.Core", "src\Nameless.WebApplication.Core\Nameless.WebApplication.Core.csproj", "{6F150D69-A890-45CE-85E2-E0EA97D697DE}"
EndProject
Project("{9A19103F-16F7-4668-BE54-9A1E7A4F7556}") = "Nameless.WebApplication.Persistence", "src\Nameless.WebApplication.Persistence\Nameless.WebApplication.Persistence.csproj", "{CCF6C654-3895-418C-B07A-1EECCE4037CB}"
EndProject
Project("{9A19103F-16F7-4668-BE54-9A1E7A4F7556}") = "Nameless.WebApplication.Search", "src\Nameless.WebApplication.Search\Nameless.WebApplication.Search.csproj", "{3CA015DE-DCFF-4FB1-8534-82C0DB34E52D}"
EndProject
Project("{9A19103F-16F7-4668-BE54-9A1E7A4F7556}") = "Nameless.WebApplication.Web", "src\Nameless.WebApplication.Web\Nameless.WebApplication.Web.csproj", "{EFC38EF5-CAB8-4C3A-83D5-DCEA4226E687}"
EndProject
Project("{FAE04EC0-301F-11D3-BF4B-00C04F79EFBC}") = "Nameless.WebApplication.Logging", "src\Nameless.WebApplication.Logging\Nameless.WebApplication.Logging.csproj", "{EEBFE2F1-F54E-4528-A2EB-3DDA0FED8341}"
EndProject
Global
	GlobalSection(SolutionConfigurationPlatforms) = preSolution
		Debug|Any CPU = Debug|Any CPU
		Release|Any CPU = Release|Any CPU
	EndGlobalSection
	GlobalSection(ProjectConfigurationPlatforms) = postSolution
		{6F150D69-A890-45CE-85E2-E0EA97D697DE}.Debug|Any CPU.ActiveCfg = Debug|Any CPU
		{6F150D69-A890-45CE-85E2-E0EA97D697DE}.Debug|Any CPU.Build.0 = Debug|Any CPU
		{6F150D69-A890-45CE-85E2-E0EA97D697DE}.Release|Any CPU.ActiveCfg = Release|Any CPU
		{6F150D69-A890-45CE-85E2-E0EA97D697DE}.Release|Any CPU.Build.0 = Release|Any CPU
		{CCF6C654-3895-418C-B07A-1EECCE4037CB}.Debug|Any CPU.ActiveCfg = Debug|Any CPU
		{CCF6C654-3895-418C-B07A-1EECCE4037CB}.Debug|Any CPU.Build.0 = Debug|Any CPU
		{CCF6C654-3895-418C-B07A-1EECCE4037CB}.Release|Any CPU.ActiveCfg = Release|Any CPU
		{CCF6C654-3895-418C-B07A-1EECCE4037CB}.Release|Any CPU.Build.0 = Release|Any CPU
		{3CA015DE-DCFF-4FB1-8534-82C0DB34E52D}.Debug|Any CPU.ActiveCfg = Debug|Any CPU
		{3CA015DE-DCFF-4FB1-8534-82C0DB34E52D}.Debug|Any CPU.Build.0 = Debug|Any CPU
		{3CA015DE-DCFF-4FB1-8534-82C0DB34E52D}.Release|Any CPU.ActiveCfg = Release|Any CPU
		{3CA015DE-DCFF-4FB1-8534-82C0DB34E52D}.Release|Any CPU.Build.0 = Release|Any CPU
		{EFC38EF5-CAB8-4C3A-83D5-DCEA4226E687}.Debug|Any CPU.ActiveCfg = Debug|Any CPU
		{EFC38EF5-CAB8-4C3A-83D5-DCEA4226E687}.Debug|Any CPU.Build.0 = Debug|Any CPU
		{EFC38EF5-CAB8-4C3A-83D5-DCEA4226E687}.Release|Any CPU.ActiveCfg = Release|Any CPU
		{EFC38EF5-CAB8-4C3A-83D5-DCEA4226E687}.Release|Any CPU.Build.0 = Release|Any CPU
		{EEBFE2F1-F54E-4528-A2EB-3DDA0FED8341}.Debug|Any CPU.ActiveCfg = Debug|Any CPU
		{EEBFE2F1-F54E-4528-A2EB-3DDA0FED8341}.Debug|Any CPU.Build.0 = Debug|Any CPU
		{EEBFE2F1-F54E-4528-A2EB-3DDA0FED8341}.Release|Any CPU.ActiveCfg = Release|Any CPU
		{EEBFE2F1-F54E-4528-A2EB-3DDA0FED8341}.Release|Any CPU.Build.0 = Release|Any CPU
	EndGlobalSection
	GlobalSection(SolutionProperties) = preSolution
		HideSolutionNode = FALSE
	EndGlobalSection
	GlobalSection(NestedProjects) = preSolution
		{6F150D69-A890-45CE-85E2-E0EA97D697DE} = {49848E7A-BDB7-42FA-868E-ACEBB07082E9}
		{CCF6C654-3895-418C-B07A-1EECCE4037CB} = {49848E7A-BDB7-42FA-868E-ACEBB07082E9}
		{3CA015DE-DCFF-4FB1-8534-82C0DB34E52D} = {49848E7A-BDB7-42FA-868E-ACEBB07082E9}
		{EFC38EF5-CAB8-4C3A-83D5-DCEA4226E687} = {49848E7A-BDB7-42FA-868E-ACEBB07082E9}
		{EEBFE2F1-F54E-4528-A2EB-3DDA0FED8341} = {49848E7A-BDB7-42FA-868E-ACEBB07082E9}
	EndGlobalSection
	GlobalSection(ExtensibilityGlobals) = postSolution
		SolutionGuid = {C7EF8F9E-3071-4AF3-A6BF-0801B48EA1C9}
	EndGlobalSection
EndGlobal
